
Microsoft Visual Studio Solution File, Format Version 12.00
# Visual Studio 2012
Project("{FAE04EC0-301F-11D3-BF4B-00C04F79EFBC}") = "IntegradorDeGP", "IntegradorDeGP\IntegradorDeGP.csproj", "{3C6B5813-9F6F-4C48-B1C0-A38348EAAC53}"
EndProject
Project("{FAE04EC0-301F-11D3-BF4B-00C04F79EFBC}") = "Comun", "Comun\Comun.csproj", "{D43004BD-E235-41BE-B272-A05FC4FB9A96}"
EndProject
Project("{FAE04EC0-301F-11D3-BF4B-00C04F79EFBC}") = "IntegraFCGPapp", "gpIntegraciones\IntegraFCGPapp.csproj", "{355BFAC1-5E11-452B-ACD1-E29D96F11B12}"
EndProject
Project("{FAE04EC0-301F-11D3-BF4B-00C04F79EFBC}") = "ManipulaArchivos", "..\..\..\_DevLibrary\CLManipulaArchivos\ManipulaArchivos.csproj", "{B7362735-0897-4218-95F0-A83F53BDAC72}"
EndProject
Global
	GlobalSection(SolutionConfigurationPlatforms) = preSolution
		Debug|Any CPU = Debug|Any CPU
		Debug|Mixed Platforms = Debug|Mixed Platforms
		Debug|x86 = Debug|x86
		Release|Any CPU = Release|Any CPU
		Release|Mixed Platforms = Release|Mixed Platforms
		Release|x86 = Release|x86
	EndGlobalSection
	GlobalSection(ProjectConfigurationPlatforms) = postSolution
		{3C6B5813-9F6F-4C48-B1C0-A38348EAAC53}.Debug|Any CPU.ActiveCfg = Debug|Any CPU
		{3C6B5813-9F6F-4C48-B1C0-A38348EAAC53}.Debug|Any CPU.Build.0 = Debug|Any CPU
		{3C6B5813-9F6F-4C48-B1C0-A38348EAAC53}.Debug|Mixed Platforms.ActiveCfg = Debug|Any CPU
		{3C6B5813-9F6F-4C48-B1C0-A38348EAAC53}.Debug|Mixed Platforms.Build.0 = Debug|Any CPU
		{3C6B5813-9F6F-4C48-B1C0-A38348EAAC53}.Debug|x86.ActiveCfg = Debug|Any CPU
		{3C6B5813-9F6F-4C48-B1C0-A38348EAAC53}.Release|Any CPU.ActiveCfg = Release|Any CPU
		{3C6B5813-9F6F-4C48-B1C0-A38348EAAC53}.Release|Any CPU.Build.0 = Release|Any CPU
		{3C6B5813-9F6F-4C48-B1C0-A38348EAAC53}.Release|Mixed Platforms.ActiveCfg = Release|Any CPU
		{3C6B5813-9F6F-4C48-B1C0-A38348EAAC53}.Release|Mixed Platforms.Build.0 = Release|Any CPU
		{3C6B5813-9F6F-4C48-B1C0-A38348EAAC53}.Release|x86.ActiveCfg = Release|Any CPU
		{D43004BD-E235-41BE-B272-A05FC4FB9A96}.Debug|Any CPU.ActiveCfg = Debug|Any CPU
		{D43004BD-E235-41BE-B272-A05FC4FB9A96}.Debug|Any CPU.Build.0 = Debug|Any CPU
		{D43004BD-E235-41BE-B272-A05FC4FB9A96}.Debug|Mixed Platforms.ActiveCfg = Debug|Any CPU
		{D43004BD-E235-41BE-B272-A05FC4FB9A96}.Debug|Mixed Platforms.Build.0 = Debug|Any CPU
		{D43004BD-E235-41BE-B272-A05FC4FB9A96}.Debug|x86.ActiveCfg = Debug|x86
		{D43004BD-E235-41BE-B272-A05FC4FB9A96}.Debug|x86.Build.0 = Debug|x86
		{D43004BD-E235-41BE-B272-A05FC4FB9A96}.Release|Any CPU.ActiveCfg = Release|Any CPU
		{D43004BD-E235-41BE-B272-A05FC4FB9A96}.Release|Any CPU.Build.0 = Release|Any CPU
		{D43004BD-E235-41BE-B272-A05FC4FB9A96}.Release|Mixed Platforms.ActiveCfg = Release|Any CPU
		{D43004BD-E235-41BE-B272-A05FC4FB9A96}.Release|Mixed Platforms.Build.0 = Release|Any CPU
		{D43004BD-E235-41BE-B272-A05FC4FB9A96}.Release|x86.ActiveCfg = Release|x86
		{D43004BD-E235-41BE-B272-A05FC4FB9A96}.Release|x86.Build.0 = Release|x86
		{355BFAC1-5E11-452B-ACD1-E29D96F11B12}.Debug|Any CPU.ActiveCfg = Debug|Any CPU
		{355BFAC1-5E11-452B-ACD1-E29D96F11B12}.Debug|Any CPU.Build.0 = Debug|Any CPU
		{355BFAC1-5E11-452B-ACD1-E29D96F11B12}.Debug|Mixed Platforms.ActiveCfg = Debug|Any CPU
		{355BFAC1-5E11-452B-ACD1-E29D96F11B12}.Debug|Mixed Platforms.Build.0 = Debug|Any CPU
		{355BFAC1-5E11-452B-ACD1-E29D96F11B12}.Debug|x86.ActiveCfg = Debug|x86
		{355BFAC1-5E11-452B-ACD1-E29D96F11B12}.Debug|x86.Build.0 = Debug|x86
		{355BFAC1-5E11-452B-ACD1-E29D96F11B12}.Release|Any CPU.ActiveCfg = Release|Any CPU
		{355BFAC1-5E11-452B-ACD1-E29D96F11B12}.Release|Any CPU.Build.0 = Release|Any CPU
		{355BFAC1-5E11-452B-ACD1-E29D96F11B12}.Release|Mixed Platforms.ActiveCfg = Release|Any CPU
		{355BFAC1-5E11-452B-ACD1-E29D96F11B12}.Release|Mixed Platforms.Build.0 = Release|Any CPU
		{355BFAC1-5E11-452B-ACD1-E29D96F11B12}.Release|x86.ActiveCfg = Release|x86
		{355BFAC1-5E11-452B-ACD1-E29D96F11B12}.Release|x86.Build.0 = Release|x86
		{B7362735-0897-4218-95F0-A83F53BDAC72}.Debug|Any CPU.ActiveCfg = Debug|Any CPU
		{B7362735-0897-4218-95F0-A83F53BDAC72}.Debug|Any CPU.Build.0 = Debug|Any CPU
		{B7362735-0897-4218-95F0-A83F53BDAC72}.Debug|Mixed Platforms.ActiveCfg = Debug|Any CPU
		{B7362735-0897-4218-95F0-A83F53BDAC72}.Debug|Mixed Platforms.Build.0 = Debug|Any CPU
		{B7362735-0897-4218-95F0-A83F53BDAC72}.Debug|x86.ActiveCfg = Debug|Any CPU
		{B7362735-0897-4218-95F0-A83F53BDAC72}.Release|Any CPU.ActiveCfg = Release|Any CPU
		{B7362735-0897-4218-95F0-A83F53BDAC72}.Release|Any CPU.Build.0 = Release|Any CPU
		{B7362735-0897-4218-95F0-A83F53BDAC72}.Release|Mixed Platforms.ActiveCfg = Release|Any CPU
		{B7362735-0897-4218-95F0-A83F53BDAC72}.Release|Mixed Platforms.Build.0 = Release|Any CPU
		{B7362735-0897-4218-95F0-A83F53BDAC72}.Release|x86.ActiveCfg = Release|Any CPU
	EndGlobalSection
	GlobalSection(SolutionProperties) = preSolution
		HideSolutionNode = FALSE
	EndGlobalSection
EndGlobal
